
Microsoft Visual Studio Solution File, Format Version 12.00
# Visual Studio Version 16
VisualStudioVersion = 16.0.28803.156
MinimumVisualStudioVersion = 10.0.40219.1
Project("{FAE04EC0-301F-11D3-BF4B-00C04F79EFBC}") = "Task1", "Task1\Task1.csproj", "{97F54C21-7BA8-4DB8-8252-B0F4E8B570F9}"
EndProject
Project("{FAE04EC0-301F-11D3-BF4B-00C04F79EFBC}") = "Task2", "Task2\Task2.csproj", "{6875A49E-F7CD-46D3-A413-264DED9D636F}"
EndProject
Project("{FAE04EC0-301F-11D3-BF4B-00C04F79EFBC}") = "Task3", "Task3\Task3.csproj", "{071CCDDC-6A7F-48DD-B1B8-051F4237C823}"
EndProject
Project("{FAE04EC0-301F-11D3-BF4B-00C04F79EFBC}") = "Task4", "Task4\Task4.csproj", "{E030857A-368E-4935-9D64-CDF5D8E665FD}"
EndProject
Project("{FAE04EC0-301F-11D3-BF4B-00C04F79EFBC}") = "Task5", "Task5\Task5.csproj", "{C8EF96F3-361B-4991-A07E-46DFED20B305}"
EndProject
Project("{FAE04EC0-301F-11D3-BF4B-00C04F79EFBC}") = "Task6", "Task6\Task6.csproj", "{501579F7-41E5-4813-914A-991927DA79C9}"
EndProject
Project("{FAE04EC0-301F-11D3-BF4B-00C04F79EFBC}") = "Task7", "Task7\Task7.csproj", "{0D4B645D-E47A-4C75-A061-6A3A76E21D67}"
EndProject
Project("{FAE04EC0-301F-11D3-BF4B-00C04F79EFBC}") = "Task8", "Task8\Task8.csproj", "{48BA1043-33A5-4DF0-80D1-4F86360FA18F}"
EndProject
Global
	GlobalSection(SolutionConfigurationPlatforms) = preSolution
		Debug|Any CPU = Debug|Any CPU
		Release|Any CPU = Release|Any CPU
	EndGlobalSection
	GlobalSection(ProjectConfigurationPlatforms) = postSolution
		{97F54C21-7BA8-4DB8-8252-B0F4E8B570F9}.Debug|Any CPU.ActiveCfg = Debug|Any CPU
		{97F54C21-7BA8-4DB8-8252-B0F4E8B570F9}.Debug|Any CPU.Build.0 = Debug|Any CPU
		{97F54C21-7BA8-4DB8-8252-B0F4E8B570F9}.Release|Any CPU.ActiveCfg = Release|Any CPU
		{97F54C21-7BA8-4DB8-8252-B0F4E8B570F9}.Release|Any CPU.Build.0 = Release|Any CPU
		{6875A49E-F7CD-46D3-A413-264DED9D636F}.Debug|Any CPU.ActiveCfg = Debug|Any CPU
		{6875A49E-F7CD-46D3-A413-264DED9D636F}.Debug|Any CPU.Build.0 = Debug|Any CPU
		{6875A49E-F7CD-46D3-A413-264DED9D636F}.Release|Any CPU.ActiveCfg = Release|Any CPU
		{6875A49E-F7CD-46D3-A413-264DED9D636F}.Release|Any CPU.Build.0 = Release|Any CPU
		{071CCDDC-6A7F-48DD-B1B8-051F4237C823}.Debug|Any CPU.ActiveCfg = Debug|Any CPU
		{071CCDDC-6A7F-48DD-B1B8-051F4237C823}.Debug|Any CPU.Build.0 = Debug|Any CPU
		{071CCDDC-6A7F-48DD-B1B8-051F4237C823}.Release|Any CPU.ActiveCfg = Release|Any CPU
		{071CCDDC-6A7F-48DD-B1B8-051F4237C823}.Release|Any CPU.Build.0 = Release|Any CPU
		{E030857A-368E-4935-9D64-CDF5D8E665FD}.Debug|Any CPU.ActiveCfg = Debug|Any CPU
		{E030857A-368E-4935-9D64-CDF5D8E665FD}.Debug|Any CPU.Build.0 = Debug|Any CPU
		{E030857A-368E-4935-9D64-CDF5D8E665FD}.Release|Any CPU.ActiveCfg = Release|Any CPU
		{E030857A-368E-4935-9D64-CDF5D8E665FD}.Release|Any CPU.Build.0 = Release|Any CPU
		{C8EF96F3-361B-4991-A07E-46DFED20B305}.Debug|Any CPU.ActiveCfg = Debug|Any CPU
		{C8EF96F3-361B-4991-A07E-46DFED20B305}.Debug|Any CPU.Build.0 = Debug|Any CPU
		{C8EF96F3-361B-4991-A07E-46DFED20B305}.Release|Any CPU.ActiveCfg = Release|Any CPU
		{C8EF96F3-361B-4991-A07E-46DFED20B305}.Release|Any CPU.Build.0 = Release|Any CPU
		{501579F7-41E5-4813-914A-991927DA79C9}.Debug|Any CPU.ActiveCfg = Debug|Any CPU
		{501579F7-41E5-4813-914A-991927DA79C9}.Debug|Any CPU.Build.0 = Debug|Any CPU
		{501579F7-41E5-4813-914A-991927DA79C9}.Release|Any CPU.ActiveCfg = Release|Any CPU
		{501579F7-41E5-4813-914A-991927DA79C9}.Release|Any CPU.Build.0 = Release|Any CPU
		{0D4B645D-E47A-4C75-A061-6A3A76E21D67}.Debug|Any CPU.ActiveCfg = Debug|Any CPU
		{0D4B645D-E47A-4C75-A061-6A3A76E21D67}.Debug|Any CPU.Build.0 = Debug|Any CPU
		{0D4B645D-E47A-4C75-A061-6A3A76E21D67}.Release|Any CPU.ActiveCfg = Release|Any CPU
		{0D4B645D-E47A-4C75-A061-6A3A76E21D67}.Release|Any CPU.Build.0 = Release|Any CPU
		{48BA1043-33A5-4DF0-80D1-4F86360FA18F}.Debug|Any CPU.ActiveCfg = Debug|Any CPU
		{48BA1043-33A5-4DF0-80D1-4F86360FA18F}.Debug|Any CPU.Build.0 = Debug|Any CPU
		{48BA1043-33A5-4DF0-80D1-4F86360FA18F}.Release|Any CPU.ActiveCfg = Release|Any CPU
		{48BA1043-33A5-4DF0-80D1-4F86360FA18F}.Release|Any CPU.Build.0 = Release|Any CPU
	EndGlobalSection
	GlobalSection(SolutionProperties) = preSolution
		HideSolutionNode = FALSE
	EndGlobalSection
	GlobalSection(ExtensibilityGlobals) = postSolution
		SolutionGuid = {0E86234B-D7E9-468A-BBE3-EF95F80DDB40}
	EndGlobalSection
EndGlobal
